# This file is automatically @generated by Cargo.
# It is not intended for manual editing.
version = 4

[[package]]
name = "bitvec"
version = "1.0.1"
source = "registry+https://github.com/rust-lang/crates.io-index"
checksum = "1bc2832c24239b0141d5674bb9174f9d68a8b5b3f2753311927c172ca46f7e9c"
dependencies = [
 "funty",
 "radium",
 "tap",
 "wyz",
]

[[package]]
name = "crossbeam-channel"
version = "0.5.14"
source = "registry+https://github.com/rust-lang/crates.io-index"
checksum = "06ba6d68e24814cb8de6bb986db8222d3a027d15872cabc0d18817bc3c0e4471"
dependencies = [
 "crossbeam-utils",
]

[[package]]
name = "crossbeam-utils"
version = "0.8.21"
source = "registry+https://github.com/rust-lang/crates.io-index"
checksum = "d0a5c400df2834b80a4c3327b3aad3a4c4cd4de0629063962b03235697506a28"

[[package]]
name = "funty"
version = "2.0.0"
source = "registry+https://github.com/rust-lang/crates.io-index"
checksum = "e6d5a32815ae3f33302d95fdcb2ce17862f8c65363dcfd29360480ba1001fc9c"

[[package]]
name = "log"
version = "0.4.22"
source = "registry+https://github.com/rust-lang/crates.io-index"
checksum = "a7a70ba024b9dc04c27ea2f0c0548feb474ec5c54bba33a7f72f873a39d07b24"

[[package]]
name = "proc-macro2"
version = "1.0.92"
source = "registry+https://github.com/rust-lang/crates.io-index"
checksum = "37d3544b3f2748c54e147655edb5025752e2303145b5aefb3c3ea2c78b973bb0"
dependencies = [
 "unicode-ident",
]

[[package]]
name = "quote"
version = "1.0.38"
source = "registry+https://github.com/rust-lang/crates.io-index"
checksum = "0e4dccaaaf89514f546c693ddc140f729f958c247918a13380cccc6078391acc"
dependencies = [
 "proc-macro2",
]

[[package]]
name = "radium"
version = "0.7.0"
source = "registry+https://github.com/rust-lang/crates.io-index"
checksum = "dc33ff2d4973d518d823d61aa239014831e521c75da58e3df4840d3f47749d09"

[[package]]
name = "rust-roveri-api"
version = "0.1.0"
source = "git+ssh://git@github.com/RustRoveri/rust-roveri-api.git#8582bf9b035b62686dee1fca8c232459ed0b295e"
dependencies = [
 "crossbeam-channel",
 "serde",
 "wg_2024",
]

[[package]]
name = "serde"
version = "1.0.217"
source = "registry+https://github.com/rust-lang/crates.io-index"
checksum = "02fc4265df13d6fa1d00ecff087228cc0a2b5f3c0e87e258d8b94a156e984c70"
dependencies = [
 "serde_derive",
]

[[package]]
name = "serde_derive"
version = "1.0.217"
source = "registry+https://github.com/rust-lang/crates.io-index"
checksum = "5a9bf7cf98d04a2b28aead066b7496853d4779c9cc183c440dbac457641e19a0"
dependencies = [
 "proc-macro2",
 "quote",
 "syn",
]

[[package]]
name = "server"
version = "0.1.0"
dependencies = [
 "bitvec",
 "crossbeam-channel",
 "log",
 "rust-roveri-api",
 "wg_2024",
]

[[package]]
name = "syn"
version = "2.0.95"
source = "registry+https://github.com/rust-lang/crates.io-index"
checksum = "46f71c0377baf4ef1cc3e3402ded576dccc315800fbc62dfc7fe04b009773b4a"
dependencies = [
 "proc-macro2",
 "quote",
 "unicode-ident",
]

[[package]]
name = "tap"
version = "1.0.1"
source = "registry+https://github.com/rust-lang/crates.io-index"
checksum = "55937e1799185b12863d447f42597ed69d9928686b8d88a1df17376a097d8369"

[[package]]
name = "unicode-ident"
version = "1.0.14"
source = "registry+https://github.com/rust-lang/crates.io-index"
checksum = "adb9e6ca4f869e1180728b7950e35922a7fc6397f7b641499e8f3ef06e50dc83"

[[package]]
name = "wg_2024"
version = "0.1.0"
source = "git+https://github.com/WGL-2024/WGL_repo_2024.git#7f4ae571471526f3a81d02a2843e05c1328c9e15"
dependencies = [
 "wg_internal",
]

[[package]]
name = "wg_config"
version = "0.1.0"
source = "git+https://github.com/WGL-2024/WGL_repo_2024.git#7f4ae571471526f3a81d02a2843e05c1328c9e15"
dependencies = [
 "serde",
 "wg_network",
]

[[package]]
name = "wg_controller"
version = "0.1.0"
source = "git+https://github.com/WGL-2024/WGL_repo_2024.git#7f4ae571471526f3a81d02a2843e05c1328c9e15"
dependencies = [
 "crossbeam-channel",
 "wg_network",
 "wg_packet",
]

[[package]]
name = "wg_drone"
version = "0.1.0"
source = "git+https://github.com/WGL-2024/WGL_repo_2024.git#7f4ae571471526f3a81d02a2843e05c1328c9e15"
dependencies = [
 "crossbeam-channel",
 "wg_controller",
 "wg_network",
 "wg_packet",
]

[[package]]
name = "wg_internal"
version = "0.1.0"
source = "git+https://github.com/WGL-2024/WGL_repo_2024.git#7f4ae571471526f3a81d02a2843e05c1328c9e15"
dependencies = [
 "wg_config",
 "wg_controller",
 "wg_drone",
 "wg_network",
 "wg_packet",
 "wg_tests",
]

[[package]]
name = "wg_network"
version = "0.1.0"
source = "git+https://github.com/WGL-2024/WGL_repo_2024.git#7f4ae571471526f3a81d02a2843e05c1328c9e15"

[[package]]
name = "wg_packet"
version = "0.1.0"
source = "git+https://github.com/WGL-2024/WGL_repo_2024.git#7f4ae571471526f3a81d02a2843e05c1328c9e15"
dependencies = [
 "wg_network",
]

[[package]]
name = "wg_tests"
version = "0.1.0"
source = "git+https://github.com/WGL-2024/WGL_repo_2024.git#7f4ae571471526f3a81d02a2843e05c1328c9e15"
dependencies = [
 "crossbeam-channel",
 "wg_controller",
 "wg_drone",
 "wg_network",
 "wg_packet",
]

[[package]]
name = "wyz"
version = "0.5.1"
source = "registry+https://github.com/rust-lang/crates.io-index"
checksum = "05f360fc0b24296329c78fda852a1e9ae82de9cf7b27dae4b7f62f118f77b9ed"
dependencies = [
 "tap",
]
